
Microsoft Visual Studio Solution File, Format Version 12.00
# Visual Studio Version 17
VisualStudioVersion = 17.5.33209.295
MinimumVisualStudioVersion = 10.0.40219.1
Project("{FAE04EC0-301F-11D3-BF4B-00C04F79EFBC}") = "TestExceptionHandlingAndLogging", "TestExceptionHandlingAndLogging\TestExceptionHandlingAndLogging.csproj", "{D2E84915-2883-46F3-9F67-34D57B690350}"
EndProject
Global
	GlobalSection(SolutionConfigurationPlatforms) = preSolution
		Debug|Any CPU = Debug|Any CPU
		Release|Any CPU = Release|Any CPU
	EndGlobalSection
	GlobalSection(ProjectConfigurationPlatforms) = postSolution
		{D2E84915-2883-46F3-9F67-34D57B690350}.Debug|Any CPU.ActiveCfg = Debug|Any CPU
		{D2E84915-2883-46F3-9F67-34D57B690350}.Debug|Any CPU.Build.0 = Debug|Any CPU
		{D2E84915-2883-46F3-9F67-34D57B690350}.Release|Any CPU.ActiveCfg = Release|Any CPU
		{D2E84915-2883-46F3-9F67-34D57B690350}.Release|Any CPU.Build.0 = Release|Any CPU
	EndGlobalSection
	GlobalSection(SolutionProperties) = preSolution
		HideSolutionNode = FALSE
	EndGlobalSection
	GlobalSection(ExtensibilityGlobals) = postSolution
		SolutionGuid = {19451A97-911B-46B8-BB49-B539B2B0348E}
	EndGlobalSection
EndGlobal
